
Microsoft Visual Studio Solution File, Format Version 12.00
# Visual Studio 15
VisualStudioVersion = 15.0.26228.4
MinimumVisualStudioVersion = 10.0.40219.1
Project("{FAE04EC0-301F-11D3-BF4B-00C04F79EFBC}") = "Untech.SharePoint.Client", "Untech.SharePoint.Client\Untech.SharePoint.Client.csproj", "{873D0ED4-C941-4320-AECF-5D7F09369A1E}"
EndProject
Project("{FAE04EC0-301F-11D3-BF4B-00C04F79EFBC}") = "Untech.SharePoint.Common", "Untech.SharePoint.Common\Untech.SharePoint.Common.csproj", "{8836BB37-FECF-4503-933D-479A3D404900}"
EndProject
Project("{FAE04EC0-301F-11D3-BF4B-00C04F79EFBC}") = "Untech.SharePoint.Common.Test", "Untech.SharePoint.Common.Test\Untech.SharePoint.Common.Test.csproj", "{672ADF77-0D40-4CB1-821E-54DED0E8AAA2}"
EndProject
Project("{FAE04EC0-301F-11D3-BF4B-00C04F79EFBC}") = "Untech.SharePoint.Server", "Untech.SharePoint.Server\Untech.SharePoint.Server.csproj", "{9656B27C-2D1C-4403-B691-C456E5D64630}"
EndProject
Project("{FAE04EC0-301F-11D3-BF4B-00C04F79EFBC}") = "Untech.SharePoint.Server.Test", "Untech.SharePoint.Server.Test\Untech.SharePoint.Server.Test.csproj", "{E8EBA785-E1EF-4E61-93C3-2FD7A6D8584D}"
EndProject
Project("{2150E333-8FDC-42A3-9474-1A3956D46DE8}") = ".nuget", ".nuget", "{C8503F3D-B033-4849-9A18-EFBE39E714C3}"
	ProjectSection(SolutionItems) = preProject
		.nuget\packages.config = .nuget\packages.config
	EndProjectSection
EndProject
Project("{FAE04EC0-301F-11D3-BF4B-00C04F79EFBC}") = "Untech.SharePoint.Client.Test", "Untech.SharePoint.Client.Test\Untech.SharePoint.Client.Test.csproj", "{23E4FE0B-D466-4704-8FFC-D5654221EE6C}"
EndProject
Project("{2150E333-8FDC-42A3-9474-1A3956D46DE8}") = "Solution Items", "Solution Items", "{67518E41-9E01-4856-B3EE-F599EB63F7F9}"
	ProjectSection(SolutionItems) = preProject
		.editorconfig = .editorconfig
	EndProjectSection
EndProject
Global
	GlobalSection(SolutionConfigurationPlatforms) = preSolution
		Debug|Any CPU = Debug|Any CPU
		Release|Any CPU = Release|Any CPU
	EndGlobalSection
	GlobalSection(ProjectConfigurationPlatforms) = postSolution
		{873D0ED4-C941-4320-AECF-5D7F09369A1E}.Debug|Any CPU.ActiveCfg = Debug|Any CPU
		{873D0ED4-C941-4320-AECF-5D7F09369A1E}.Debug|Any CPU.Build.0 = Debug|Any CPU
		{873D0ED4-C941-4320-AECF-5D7F09369A1E}.Release|Any CPU.ActiveCfg = Release|Any CPU
		{873D0ED4-C941-4320-AECF-5D7F09369A1E}.Release|Any CPU.Build.0 = Release|Any CPU
		{8836BB37-FECF-4503-933D-479A3D404900}.Debug|Any CPU.ActiveCfg = Debug|Any CPU
		{8836BB37-FECF-4503-933D-479A3D404900}.Debug|Any CPU.Build.0 = Debug|Any CPU
		{8836BB37-FECF-4503-933D-479A3D404900}.Release|Any CPU.ActiveCfg = Release|Any CPU
		{8836BB37-FECF-4503-933D-479A3D404900}.Release|Any CPU.Build.0 = Release|Any CPU
		{672ADF77-0D40-4CB1-821E-54DED0E8AAA2}.Debug|Any CPU.ActiveCfg = Debug|Any CPU
		{672ADF77-0D40-4CB1-821E-54DED0E8AAA2}.Debug|Any CPU.Build.0 = Debug|Any CPU
		{672ADF77-0D40-4CB1-821E-54DED0E8AAA2}.Release|Any CPU.ActiveCfg = Release|Any CPU
		{672ADF77-0D40-4CB1-821E-54DED0E8AAA2}.Release|Any CPU.Build.0 = Release|Any CPU
		{9656B27C-2D1C-4403-B691-C456E5D64630}.Debug|Any CPU.ActiveCfg = Debug|Any CPU
		{9656B27C-2D1C-4403-B691-C456E5D64630}.Debug|Any CPU.Build.0 = Debug|Any CPU
		{9656B27C-2D1C-4403-B691-C456E5D64630}.Release|Any CPU.ActiveCfg = Release|Any CPU
		{9656B27C-2D1C-4403-B691-C456E5D64630}.Release|Any CPU.Build.0 = Release|Any CPU
		{E8EBA785-E1EF-4E61-93C3-2FD7A6D8584D}.Debug|Any CPU.ActiveCfg = Debug|Any CPU
		{E8EBA785-E1EF-4E61-93C3-2FD7A6D8584D}.Debug|Any CPU.Build.0 = Debug|Any CPU
		{E8EBA785-E1EF-4E61-93C3-2FD7A6D8584D}.Release|Any CPU.ActiveCfg = Release|Any CPU
		{E8EBA785-E1EF-4E61-93C3-2FD7A6D8584D}.Release|Any CPU.Build.0 = Release|Any CPU
		{23E4FE0B-D466-4704-8FFC-D5654221EE6C}.Debug|Any CPU.ActiveCfg = Debug|Any CPU
		{23E4FE0B-D466-4704-8FFC-D5654221EE6C}.Debug|Any CPU.Build.0 = Debug|Any CPU
		{23E4FE0B-D466-4704-8FFC-D5654221EE6C}.Release|Any CPU.ActiveCfg = Release|Any CPU
		{23E4FE0B-D466-4704-8FFC-D5654221EE6C}.Release|Any CPU.Build.0 = Release|Any CPU
	EndGlobalSection
	GlobalSection(SolutionProperties) = preSolution
		HideSolutionNode = FALSE
	EndGlobalSection
EndGlobal
